
Microsoft Visual Studio Solution File, Format Version 12.00
# Visual Studio Version 17
VisualStudioVersion = 17.3.32929.385
MinimumVisualStudioVersion = 10.0.40219.1
Project("{FAE04EC0-301F-11D3-BF4B-00C04F79EFBC}") = "WebAPI", "WebAPI\WebAPI.csproj", "{BA754B5A-7407-4F53-8E92-FEC8B1E99642}"
EndProject
Global
	GlobalSection(SolutionConfigurationPlatforms) = preSolution
		Debug|Any CPU = Debug|Any CPU
		Release|Any CPU = Release|Any CPU
	EndGlobalSection
	GlobalSection(ProjectConfigurationPlatforms) = postSolution
		{BA754B5A-7407-4F53-8E92-FEC8B1E99642}.Debug|Any CPU.ActiveCfg = Debug|Any CPU
		{BA754B5A-7407-4F53-8E92-FEC8B1E99642}.Debug|Any CPU.Build.0 = Debug|Any CPU
		{BA754B5A-7407-4F53-8E92-FEC8B1E99642}.Release|Any CPU.ActiveCfg = Release|Any CPU
		{BA754B5A-7407-4F53-8E92-FEC8B1E99642}.Release|Any CPU.Build.0 = Release|Any CPU
	EndGlobalSection
	GlobalSection(SolutionProperties) = preSolution
		HideSolutionNode = FALSE
	EndGlobalSection
	GlobalSection(ExtensibilityGlobals) = postSolution
		SolutionGuid = {BFAAC7A6-BAEB-4C54-9687-38F8C03BAF12}
	EndGlobalSection
EndGlobal
